
Microsoft Visual Studio Solution File, Format Version 12.00
# Visual Studio Version 17
VisualStudioVersion = 17.9.34723.18
MinimumVisualStudioVersion = 10.0.40219.1
Project("{9A19103F-16F7-4668-BE54-9A1E7A4F7556}") = "Filhantering", "Filhantering.csproj", "{28190E0F-4141-4F4D-8072-B9BEDEB60978}"
EndProject
Project("{9A19103F-16F7-4668-BE54-9A1E7A4F7556}") = "Statistics", "..\Statistics\Statistics.csproj", "{2686361B-BE32-47BF-B724-141C2A1A7FD0}"
EndProject
Project("{9A19103F-16F7-4668-BE54-9A1E7A4F7556}") = "StatisticsTest", "..\StatisticsTest\StatisticsTest.csproj", "{3F68792E-E9F6-41A3-ADF1-EB5EAA9A9260}"
EndProject
Global
	GlobalSection(SolutionConfigurationPlatforms) = preSolution
		Debug|Any CPU = Debug|Any CPU
		Release|Any CPU = Release|Any CPU
	EndGlobalSection
	GlobalSection(ProjectConfigurationPlatforms) = postSolution
		{28190E0F-4141-4F4D-8072-B9BEDEB60978}.Debug|Any CPU.ActiveCfg = Debug|Any CPU
		{28190E0F-4141-4F4D-8072-B9BEDEB60978}.Debug|Any CPU.Build.0 = Debug|Any CPU
		{28190E0F-4141-4F4D-8072-B9BEDEB60978}.Release|Any CPU.ActiveCfg = Release|Any CPU
		{28190E0F-4141-4F4D-8072-B9BEDEB60978}.Release|Any CPU.Build.0 = Release|Any CPU
		{2686361B-BE32-47BF-B724-141C2A1A7FD0}.Debug|Any CPU.ActiveCfg = Debug|Any CPU
		{2686361B-BE32-47BF-B724-141C2A1A7FD0}.Debug|Any CPU.Build.0 = Debug|Any CPU
		{2686361B-BE32-47BF-B724-141C2A1A7FD0}.Release|Any CPU.ActiveCfg = Release|Any CPU
		{2686361B-BE32-47BF-B724-141C2A1A7FD0}.Release|Any CPU.Build.0 = Release|Any CPU
		{3F68792E-E9F6-41A3-ADF1-EB5EAA9A9260}.Debug|Any CPU.ActiveCfg = Debug|Any CPU
		{3F68792E-E9F6-41A3-ADF1-EB5EAA9A9260}.Debug|Any CPU.Build.0 = Debug|Any CPU
		{3F68792E-E9F6-41A3-ADF1-EB5EAA9A9260}.Release|Any CPU.ActiveCfg = Release|Any CPU
		{3F68792E-E9F6-41A3-ADF1-EB5EAA9A9260}.Release|Any CPU.Build.0 = Release|Any CPU
	EndGlobalSection
	GlobalSection(SolutionProperties) = preSolution
		HideSolutionNode = FALSE
	EndGlobalSection
	GlobalSection(ExtensibilityGlobals) = postSolution
		SolutionGuid = {16A86A7B-F994-4BA7-91D5-E854FABA51FE}
	EndGlobalSection
EndGlobal
